// !$*UTF8*$!
{
	archiveVersion = 1;
	classes = {
	};
	objectVersion = 56;
	objects = {

/* Begin PBXBuildFile section */
		A02E4D272958C46600F16ED9 /* TitleTableViewCell.swift in Sources */ = {isa = PBXBuildFile; fileRef = A02E4D262958C46600F16ED9 /* TitleTableViewCell.swift */; };
		A02E4D292958C69000F16ED9 /* MovieViewModel.swift in Sources */ = {isa = PBXBuildFile; fileRef = A02E4D282958C69000F16ED9 /* MovieViewModel.swift */; };
		A05EDAF92957168900F60F70 /* APICaller.swift in Sources */ = {isa = PBXBuildFile; fileRef = A05EDAF82957168900F60F70 /* APICaller.swift */; };
		A05EDAFB29571A4C00F60F70 /* Movie.swift in Sources */ = {isa = PBXBuildFile; fileRef = A05EDAFA29571A4C00F60F70 /* Movie.swift */; };
		A05EDAFD29578D4400F60F70 /* Extensions.swift in Sources */ = {isa = PBXBuildFile; fileRef = A05EDAFC29578D4400F60F70 /* Extensions.swift */; };
		A05EDAFF2957921D00F60F70 /* TitleCollectionViewCell.swift in Sources */ = {isa = PBXBuildFile; fileRef = A05EDAFE2957921D00F60F70 /* TitleCollectionViewCell.swift */; };
		A05EDB02295793B800F60F70 /* SDWebImage in Frameworks */ = {isa = PBXBuildFile; productRef = A05EDB01295793B800F60F70 /* SDWebImage */; };
		A05EDB04295793B800F60F70 /* SDWebImageMapKit in Frameworks */ = {isa = PBXBuildFile; productRef = A05EDB03295793B800F60F70 /* SDWebImageMapKit */; };
		A0E38B252954F086003268FD /* AppDelegate.swift in Sources */ = {isa = PBXBuildFile; fileRef = A0E38B242954F086003268FD /* AppDelegate.swift */; };
		A0E38B272954F086003268FD /* SceneDelegate.swift in Sources */ = {isa = PBXBuildFile; fileRef = A0E38B262954F086003268FD /* SceneDelegate.swift */; };
		A0E38B292954F086003268FD /* MainTabBarViewController.swift in Sources */ = {isa = PBXBuildFile; fileRef = A0E38B282954F086003268FD /* MainTabBarViewController.swift */; };
		A0E38B2E2954F087003268FD /* Assets.xcassets in Resources */ = {isa = PBXBuildFile; fileRef = A0E38B2D2954F087003268FD /* Assets.xcassets */; };
		A0E38B312954F087003268FD /* LaunchScreen.storyboard in Resources */ = {isa = PBXBuildFile; fileRef = A0E38B2F2954F087003268FD /* LaunchScreen.storyboard */; };
		A0E38B3A2954F1E2003268FD /* HomeViewController.swift in Sources */ = {isa = PBXBuildFile; fileRef = A0E38B392954F1E2003268FD /* HomeViewController.swift */; };
		A0E38B3C2954F204003268FD /* UpcomingViewController.swift in Sources */ = {isa = PBXBuildFile; fileRef = A0E38B3B2954F204003268FD /* UpcomingViewController.swift */; };
		A0E38B3E2954F225003268FD /* SearchViewController.swift in Sources */ = {isa = PBXBuildFile; fileRef = A0E38B3D2954F225003268FD /* SearchViewController.swift */; };
		A0E38B402954F242003268FD /* DownloadsViewController.swift in Sources */ = {isa = PBXBuildFile; fileRef = A0E38B3F2954F242003268FD /* DownloadsViewController.swift */; };
		A0E38B472954F6A7003268FD /* CollectionViewTableViewCell.swift in Sources */ = {isa = PBXBuildFile; fileRef = A0E38B462954F6A7003268FD /* CollectionViewTableViewCell.swift */; };
		A0E38B492954FAF7003268FD /* HeroHeaderUIView.swift in Sources */ = {isa = PBXBuildFile; fileRef = A0E38B482954FAF7003268FD /* HeroHeaderUIView.swift */; };
/* End PBXBuildFile section */

/* Begin PBXFileReference section */
		A02E4D262958C46600F16ED9 /* TitleTableViewCell.swift */ = {isa = PBXFileReference; lastKnownFileType = sourcecode.swift; path = TitleTableViewCell.swift; sourceTree = "<group>"; };
		A02E4D282958C69000F16ED9 /* MovieViewModel.swift */ = {isa = PBXFileReference; lastKnownFileType = sourcecode.swift; path = MovieViewModel.swift; sourceTree = "<group>"; };
		A05EDAF82957168900F60F70 /* APICaller.swift */ = {isa = PBXFileReference; lastKnownFileType = sourcecode.swift; path = APICaller.swift; sourceTree = "<group>"; };
		A05EDAFA29571A4C00F60F70 /* Movie.swift */ = {isa = PBXFileReference; lastKnownFileType = sourcecode.swift; path = Movie.swift; sourceTree = "<group>"; };
		A05EDAFC29578D4400F60F70 /* Extensions.swift */ = {isa = PBXFileReference; lastKnownFileType = sourcecode.swift; path = Extensions.swift; sourceTree = "<group>"; };
		A05EDAFE2957921D00F60F70 /* TitleCollectionViewCell.swift */ = {isa = PBXFileReference; lastKnownFileType = sourcecode.swift; path = TitleCollectionViewCell.swift; sourceTree = "<group>"; };
		A0E38B212954F086003268FD /* NetflixSwift.app */ = {isa = PBXFileReference; explicitFileType = wrapper.application; includeInIndex = 0; path = NetflixSwift.app; sourceTree = BUILT_PRODUCTS_DIR; };
		A0E38B242954F086003268FD /* AppDelegate.swift */ = {isa = PBXFileReference; lastKnownFileType = sourcecode.swift; path = AppDelegate.swift; sourceTree = "<group>"; };
		A0E38B262954F086003268FD /* SceneDelegate.swift */ = {isa = PBXFileReference; lastKnownFileType = sourcecode.swift; path = SceneDelegate.swift; sourceTree = "<group>"; };
		A0E38B282954F086003268FD /* MainTabBarViewController.swift */ = {isa = PBXFileReference; lastKnownFileType = sourcecode.swift; path = MainTabBarViewController.swift; sourceTree = "<group>"; };
		A0E38B2D2954F087003268FD /* Assets.xcassets */ = {isa = PBXFileReference; lastKnownFileType = folder.assetcatalog; path = Assets.xcassets; sourceTree = "<group>"; };
		A0E38B302954F087003268FD /* Base */ = {isa = PBXFileReference; lastKnownFileType = file.storyboard; name = Base; path = Base.lproj/LaunchScreen.storyboard; sourceTree = "<group>"; };
		A0E38B322954F087003268FD /* Info.plist */ = {isa = PBXFileReference; lastKnownFileType = text.plist.xml; path = Info.plist; sourceTree = "<group>"; };
		A0E38B392954F1E2003268FD /* HomeViewController.swift */ = {isa = PBXFileReference; lastKnownFileType = sourcecode.swift; path = HomeViewController.swift; sourceTree = "<group>"; };
		A0E38B3B2954F204003268FD /* UpcomingViewController.swift */ = {isa = PBXFileReference; lastKnownFileType = sourcecode.swift; path = UpcomingViewController.swift; sourceTree = "<group>"; };
		A0E38B3D2954F225003268FD /* SearchViewController.swift */ = {isa = PBXFileReference; lastKnownFileType = sourcecode.swift; path = SearchViewController.swift; sourceTree = "<group>"; };
		A0E38B3F2954F242003268FD /* DownloadsViewController.swift */ = {isa = PBXFileReference; lastKnownFileType = sourcecode.swift; path = DownloadsViewController.swift; sourceTree = "<group>"; };
		A0E38B462954F6A7003268FD /* CollectionViewTableViewCell.swift */ = {isa = PBXFileReference; lastKnownFileType = sourcecode.swift; path = CollectionViewTableViewCell.swift; sourceTree = "<group>"; };
		A0E38B482954FAF7003268FD /* HeroHeaderUIView.swift */ = {isa = PBXFileReference; lastKnownFileType = sourcecode.swift; path = HeroHeaderUIView.swift; sourceTree = "<group>"; };
/* End PBXFileReference section */

/* Begin PBXFrameworksBuildPhase section */
		A0E38B1E2954F086003268FD /* Frameworks */ = {
			isa = PBXFrameworksBuildPhase;
			buildActionMask = 2147483647;
			files = (
				A05EDB04295793B800F60F70 /* SDWebImageMapKit in Frameworks */,
				A05EDB02295793B800F60F70 /* SDWebImage in Frameworks */,
			);
			runOnlyForDeploymentPostprocessing = 0;
		};
/* End PBXFrameworksBuildPhase section */

/* Begin PBXGroup section */
		A0E38B182954F086003268FD = {
			isa = PBXGroup;
			children = (
				A0E38B232954F086003268FD /* NetflixSwift */,
				A0E38B222954F086003268FD /* Products */,
			);
			sourceTree = "<group>";
		};
		A0E38B222954F086003268FD /* Products */ = {
			isa = PBXGroup;
			children = (
				A0E38B212954F086003268FD /* NetflixSwift.app */,
			);
			name = Products;
			sourceTree = "<group>";
		};
		A0E38B232954F086003268FD /* NetflixSwift */ = {
			isa = PBXGroup;
			children = (
				A0E38B452954F66B003268FD /* Managers */,
				A0E38B442954F665003268FD /* Resources */,
				A0E38B432954F645003268FD /* Models */,
				A0E38B412954F638003268FD /* Views */,
				A0E38B422954F63F003268FD /* ViewModels */,
				A0E38B242954F086003268FD /* AppDelegate.swift */,
				A0E38B262954F086003268FD /* SceneDelegate.swift */,
				A0E38B282954F086003268FD /* MainTabBarViewController.swift */,
				A0E38B382954F1C0003268FD /* Controllers */,
				A0E38B2D2954F087003268FD /* Assets.xcassets */,
				A0E38B2F2954F087003268FD /* LaunchScreen.storyboard */,
				A0E38B322954F087003268FD /* Info.plist */,
			);
			path = NetflixSwift;
			sourceTree = "<group>";
		};
		A0E38B382954F1C0003268FD /* Controllers */ = {
			isa = PBXGroup;
			children = (
				A0E38B392954F1E2003268FD /* HomeViewController.swift */,
				A0E38B3B2954F204003268FD /* UpcomingViewController.swift */,
				A0E38B3D2954F225003268FD /* SearchViewController.swift */,
				A0E38B3F2954F242003268FD /* DownloadsViewController.swift */,
			);
			path = Controllers;
			sourceTree = "<group>";
		};
		A0E38B412954F638003268FD /* Views */ = {
			isa = PBXGroup;
			children = (
				A0E38B462954F6A7003268FD /* CollectionViewTableViewCell.swift */,
				A0E38B482954FAF7003268FD /* HeroHeaderUIView.swift */,
				A05EDAFE2957921D00F60F70 /* TitleCollectionViewCell.swift */,
				A02E4D262958C46600F16ED9 /* TitleTableViewCell.swift */,
			);
			path = Views;
			sourceTree = "<group>";
		};
		A0E38B422954F63F003268FD /* ViewModels */ = {
			isa = PBXGroup;
			children = (
				A02E4D282958C69000F16ED9 /* MovieViewModel.swift */,
			);
			path = ViewModels;
			sourceTree = "<group>";
		};
		A0E38B432954F645003268FD /* Models */ = {
			isa = PBXGroup;
			children = (
				A05EDAFA29571A4C00F60F70 /* Movie.swift */,
			);
			path = Models;
			sourceTree = "<group>";
		};
		A0E38B442954F665003268FD /* Resources */ = {
			isa = PBXGroup;
			children = (
				A05EDAFC29578D4400F60F70 /* Extensions.swift */,
			);
			path = Resources;
			sourceTree = "<group>";
		};
		A0E38B452954F66B003268FD /* Managers */ = {
			isa = PBXGroup;
			children = (
				A05EDAF82957168900F60F70 /* APICaller.swift */,
			);
			path = Managers;
			sourceTree = "<group>";
		};
/* End PBXGroup section */

/* Begin PBXNativeTarget section */
		A0E38B202954F086003268FD /* NetflixSwift */ = {
			isa = PBXNativeTarget;
			buildConfigurationList = A0E38B352954F087003268FD /* Build configuration list for PBXNativeTarget "NetflixSwift" */;
			buildPhases = (
				A0E38B1D2954F086003268FD /* Sources */,
				A0E38B1E2954F086003268FD /* Frameworks */,
				A0E38B1F2954F086003268FD /* Resources */,
			);
			buildRules = (
			);
			dependencies = (
			);
			name = NetflixSwift;
			packageProductDependencies = (
				A05EDB01295793B800F60F70 /* SDWebImage */,
				A05EDB03295793B800F60F70 /* SDWebImageMapKit */,
			);
			productName = NetflixSwift;
			productReference = A0E38B212954F086003268FD /* NetflixSwift.app */;
			productType = "com.apple.product-type.application";
		};
/* End PBXNativeTarget section */

/* Begin PBXProject section */
		A0E38B192954F086003268FD /* Project object */ = {
			isa = PBXProject;
			attributes = {
				BuildIndependentTargetsInParallel = 1;
				LastSwiftUpdateCheck = 1420;
				LastUpgradeCheck = 1420;
				TargetAttributes = {
					A0E38B202954F086003268FD = {
						CreatedOnToolsVersion = 14.2;
					};
				};
			};
			buildConfigurationList = A0E38B1C2954F086003268FD /* Build configuration list for PBXProject "NetflixSwift" */;
			compatibilityVersion = "Xcode 14.0";
			developmentRegion = en;
			hasScannedForEncodings = 0;
			knownRegions = (
				en,
				Base,
			);
			mainGroup = A0E38B182954F086003268FD;
			packageReferences = (
				A05EDB00295793B800F60F70 /* XCRemoteSwiftPackageReference "SDWebImage" */,
			);
			productRefGroup = A0E38B222954F086003268FD /* Products */;
			projectDirPath = "";
			projectRoot = "";
			targets = (
				A0E38B202954F086003268FD /* NetflixSwift */,
			);
		};
/* End PBXProject section */

/* Begin PBXResourcesBuildPhase section */
		A0E38B1F2954F086003268FD /* Resources */ = {
			isa = PBXResourcesBuildPhase;
			buildActionMask = 2147483647;
			files = (
				A0E38B312954F087003268FD /* LaunchScreen.storyboard in Resources */,
				A0E38B2E2954F087003268FD /* Assets.xcassets in Resources */,
			);
			runOnlyForDeploymentPostprocessing = 0;
		};
/* End PBXResourcesBuildPhase section */

/* Begin PBXSourcesBuildPhase section */
		A0E38B1D2954F086003268FD /* Sources */ = {
			isa = PBXSourcesBuildPhase;
			buildActionMask = 2147483647;
			files = (
				A02E4D272958C46600F16ED9 /* TitleTableViewCell.swift in Sources */,
				A0E38B3E2954F225003268FD /* SearchViewController.swift in Sources */,
				A05EDAFF2957921D00F60F70 /* TitleCollectionViewCell.swift in Sources */,
				A0E38B292954F086003268FD /* MainTabBarViewController.swift in Sources */,
				A0E38B472954F6A7003268FD /* CollectionViewTableViewCell.swift in Sources */,
				A05EDAF92957168900F60F70 /* APICaller.swift in Sources */,
				A0E38B492954FAF7003268FD /* HeroHeaderUIView.swift in Sources */,
				A0E38B402954F242003268FD /* DownloadsViewController.swift in Sources */,
				A0E38B252954F086003268FD /* AppDelegate.swift in Sources */,
				A05EDAFD29578D4400F60F70 /* Extensions.swift in Sources */,
				A0E38B272954F086003268FD /* SceneDelegate.swift in Sources */,
				A02E4D292958C69000F16ED9 /* MovieViewModel.swift in Sources */,
				A0E38B3C2954F204003268FD /* UpcomingViewController.swift in Sources */,
				A05EDAFB29571A4C00F60F70 /* Movie.swift in Sources */,
				A0E38B3A2954F1E2003268FD /* HomeViewController.swift in Sources */,
			);
			runOnlyForDeploymentPostprocessing = 0;
		};
/* End PBXSourcesBuildPhase section */

/* Begin PBXVariantGroup section */
		A0E38B2F2954F087003268FD /* LaunchScreen.storyboard */ = {
			isa = PBXVariantGroup;
			children = (
				A0E38B302954F087003268FD /* Base */,
			);
			name = LaunchScreen.storyboard;
			sourceTree = "<group>";
		};
/* End PBXVariantGroup section */

/* Begin XCBuildConfiguration section */
		A0E38B332954F087003268FD /* Debug */ = {
			isa = XCBuildConfiguration;
			buildSettings = {
				ALWAYS_SEARCH_USER_PATHS = NO;
				CLANG_ANALYZER_NONNULL = YES;
				CLANG_ANALYZER_NUMBER_OBJECT_CONVERSION = YES_AGGRESSIVE;
				CLANG_CXX_LANGUAGE_STANDARD = "gnu++20";
				CLANG_ENABLE_MODULES = YES;
				CLANG_ENABLE_OBJC_ARC = YES;
				CLANG_ENABLE_OBJC_WEAK = YES;
				CLANG_WARN_BLOCK_CAPTURE_AUTORELEASING = YES;
				CLANG_WARN_BOOL_CONVERSION = YES;
				CLANG_WARN_COMMA = YES;
				CLANG_WARN_CONSTANT_CONVERSION = YES;
				CLANG_WARN_DEPRECATED_OBJC_IMPLEMENTATIONS = YES;
				CLANG_WARN_DIRECT_OBJC_ISA_USAGE = YES_ERROR;
				CLANG_WARN_DOCUMENTATION_COMMENTS = YES;
				CLANG_WARN_EMPTY_BODY = YES;
				CLANG_WARN_ENUM_CONVERSION = YES;
				CLANG_WARN_INFINITE_RECURSION = YES;
				CLANG_WARN_INT_CONVERSION = YES;
				CLANG_WARN_NON_LITERAL_NULL_CONVERSION = YES;
				CLANG_WARN_OBJC_IMPLICIT_RETAIN_SELF = YES;
				CLANG_WARN_OBJC_LITERAL_CONVERSION = YES;
				CLANG_WARN_OBJC_ROOT_CLASS = YES_ERROR;
				CLANG_WARN_QUOTED_INCLUDE_IN_FRAMEWORK_HEADER = YES;
				CLANG_WARN_RANGE_LOOP_ANALYSIS = YES;
				CLANG_WARN_STRICT_PROTOTYPES = YES;
				CLANG_WARN_SUSPICIOUS_MOVE = YES;
				CLANG_WARN_UNGUARDED_AVAILABILITY = YES_AGGRESSIVE;
				CLANG_WARN_UNREACHABLE_CODE = YES;
				CLANG_WARN__DUPLICATE_METHOD_MATCH = YES;
				COPY_PHASE_STRIP = NO;
				DEBUG_INFORMATION_FORMAT = dwarf;
				ENABLE_STRICT_OBJC_MSGSEND = YES;
				ENABLE_TESTABILITY = YES;
				GCC_C_LANGUAGE_STANDARD = gnu11;
				GCC_DYNAMIC_NO_PIC = NO;
				GCC_NO_COMMON_BLOCKS = YES;
				GCC_OPTIMIZATION_LEVEL = 0;
				GCC_PREPROCESSOR_DEFINITIONS = (
					"DEBUG=1",
					"$(inherited)",
				);
				GCC_WARN_64_TO_32_BIT_CONVERSION = YES;
				GCC_WARN_ABOUT_RETURN_TYPE = YES_ERROR;
				GCC_WARN_UNDECLARED_SELECTOR = YES;
				GCC_WARN_UNINITIALIZED_AUTOS = YES_AGGRESSIVE;
				GCC_WARN_UNUSED_FUNCTION = YES;
				GCC_WARN_UNUSED_VARIABLE = YES;
				IPHONEOS_DEPLOYMENT_TARGET = 16.2;
				MTL_ENABLE_DEBUG_INFO = INCLUDE_SOURCE;
				MTL_FAST_MATH = YES;
				ONLY_ACTIVE_ARCH = YES;
				SDKROOT = iphoneos;
				SWIFT_ACTIVE_COMPILATION_CONDITIONS = DEBUG;
				SWIFT_OPTIMIZATION_LEVEL = "-Onone";
			};
			name = Debug;
		};
		A0E38B342954F087003268FD /* Release */ = {
			isa = XCBuildConfiguration;
			buildSettings = {
				ALWAYS_SEARCH_USER_PATHS = NO;
				CLANG_ANALYZER_NONNULL = YES;
				CLANG_ANALYZER_NUMBER_OBJECT_CONVERSION = YES_AGGRESSIVE;
				CLANG_CXX_LANGUAGE_STANDARD = "gnu++20";
				CLANG_ENABLE_MODULES = YES;
				CLANG_ENABLE_OBJC_ARC = YES;
				CLANG_ENABLE_OBJC_WEAK = YES;
				CLANG_WARN_BLOCK_CAPTURE_AUTORELEASING = YES;
				CLANG_WARN_BOOL_CONVERSION = YES;
				CLANG_WARN_COMMA = YES;
				CLANG_WARN_CONSTANT_CONVERSION = YES;
				CLANG_WARN_DEPRECATED_OBJC_IMPLEMENTATIONS = YES;
				CLANG_WARN_DIRECT_OBJC_ISA_USAGE = YES_ERROR;
				CLANG_WARN_DOCUMENTATION_COMMENTS = YES;
				CLANG_WARN_EMPTY_BODY = YES;
				CLANG_WARN_ENUM_CONVERSION = YES;
				CLANG_WARN_INFINITE_RECURSION = YES;
				CLANG_WARN_INT_CONVERSION = YES;
				CLANG_WARN_NON_LITERAL_NULL_CONVERSION = YES;
				CLANG_WARN_OBJC_IMPLICIT_RETAIN_SELF = YES;
				CLANG_WARN_OBJC_LITERAL_CONVERSION = YES;
				CLANG_WARN_OBJC_ROOT_CLASS = YES_ERROR;
				CLANG_WARN_QUOTED_INCLUDE_IN_FRAMEWORK_HEADER = YES;
				CLANG_WARN_RANGE_LOOP_ANALYSIS = YES;
				CLANG_WARN_STRICT_PROTOTYPES = YES;
				CLANG_WARN_SUSPICIOUS_MOVE = YES;
				CLANG_WARN_UNGUARDED_AVAILABILITY = YES_AGGRESSIVE;
				CLANG_WARN_UNREACHABLE_CODE = YES;
				CLANG_WARN__DUPLICATE_METHOD_MATCH = YES;
				COPY_PHASE_STRIP = NO;
				DEBUG_INFORMATION_FORMAT = "dwarf-with-dsym";
				ENABLE_NS_ASSERTIONS = NO;
				ENABLE_STRICT_OBJC_MSGSEND = YES;
				GCC_C_LANGUAGE_STANDARD = gnu11;
				GCC_NO_COMMON_BLOCKS = YES;
				GCC_WARN_64_TO_32_BIT_CONVERSION = YES;
				GCC_WARN_ABOUT_RETURN_TYPE = YES_ERROR;
				GCC_WARN_UNDECLARED_SELECTOR = YES;
				GCC_WARN_UNINITIALIZED_AUTOS = YES_AGGRESSIVE;
				GCC_WARN_UNUSED_FUNCTION = YES;
				GCC_WARN_UNUSED_VARIABLE = YES;
				IPHONEOS_DEPLOYMENT_TARGET = 16.2;
				MTL_ENABLE_DEBUG_INFO = NO;
				MTL_FAST_MATH = YES;
				SDKROOT = iphoneos;
				SWIFT_COMPILATION_MODE = wholemodule;
				SWIFT_OPTIMIZATION_LEVEL = "-O";
				VALIDATE_PRODUCT = YES;
			};
			name = Release;
		};
		A0E38B362954F087003268FD /* Debug */ = {
			isa = XCBuildConfiguration;
			buildSettings = {
				ASSETCATALOG_COMPILER_APPICON_NAME = AppIcon;
				ASSETCATALOG_COMPILER_GLOBAL_ACCENT_COLOR_NAME = AccentColor;
				CODE_SIGN_STYLE = Automatic;
				CURRENT_PROJECT_VERSION = 1;
				DEVELOPMENT_TEAM = 68KQTL44VS;
				GENERATE_INFOPLIST_FILE = YES;
				INFOPLIST_FILE = NetflixSwift/Info.plist;
				INFOPLIST_KEY_UIApplicationSupportsIndirectInputEvents = YES;
				INFOPLIST_KEY_UILaunchStoryboardName = LaunchScreen;
				INFOPLIST_KEY_UISupportedInterfaceOrientations_iPad = "UIInterfaceOrientationPortrait UIInterfaceOrientationPortraitUpsideDown UIInterfaceOrientationLandscapeLeft UIInterfaceOrientationLandscapeRight";
				INFOPLIST_KEY_UISupportedInterfaceOrientations_iPhone = "UIInterfaceOrientationPortrait UIInterfaceOrientationLandscapeLeft UIInterfaceOrientationLandscapeRight";
				LD_RUNPATH_SEARCH_PATHS = (
					"$(inherited)",
					"@executable_path/Frameworks",
				);
				MARKETING_VERSION = 1.0;
				PRODUCT_BUNDLE_IDENTIFIER = com.denizataes.NetflixSwift;
				PRODUCT_NAME = "$(TARGET_NAME)";
				SWIFT_EMIT_LOC_STRINGS = YES;
				SWIFT_VERSION = 5.0;
				TARGETED_DEVICE_FAMILY = "1,2";
			};
			name = Debug;
		};
		A0E38B372954F087003268FD /* Release */ = {
			isa = XCBuildConfiguration;
			buildSettings = {
				ASSETCATALOG_COMPILER_APPICON_NAME = AppIcon;
				ASSETCATALOG_COMPILER_GLOBAL_ACCENT_COLOR_NAME = AccentColor;
				CODE_SIGN_STYLE = Automatic;
				CURRENT_PROJECT_VERSION = 1;
				DEVELOPMENT_TEAM = 68KQTL44VS;
				GENERATE_INFOPLIST_FILE = YES;
				INFOPLIST_FILE = NetflixSwift/Info.plist;
				INFOPLIST_KEY_UIApplicationSupportsIndirectInputEvents = YES;
				INFOPLIST_KEY_UILaunchStoryboardName = LaunchScreen;
				INFOPLIST_KEY_UISupportedInterfaceOrientations_iPad = "UIInterfaceOrientationPortrait UIInterfaceOrientationPortraitUpsideDown UIInterfaceOrientationLandscapeLeft UIInterfaceOrientationLandscapeRight";
				INFOPLIST_KEY_UISupportedInterfaceOrientations_iPhone = "UIInterfaceOrientationPortrait UIInterfaceOrientationLandscapeLeft UIInterfaceOrientationLandscapeRight";
				LD_RUNPATH_SEARCH_PATHS = (
					"$(inherited)",
					"@executable_path/Frameworks",
				);
				MARKETING_VERSION = 1.0;
				PRODUCT_BUNDLE_IDENTIFIER = com.denizataes.NetflixSwift;
				PRODUCT_NAME = "$(TARGET_NAME)";
				SWIFT_EMIT_LOC_STRINGS = YES;
				SWIFT_VERSION = 5.0;
				TARGETED_DEVICE_FAMILY = "1,2";
			};
			name = Release;
		};
/* End XCBuildConfiguration section */

/* Begin XCConfigurationList section */
		A0E38B1C2954F086003268FD /* Build configuration list for PBXProject "NetflixSwift" */ = {
			isa = XCConfigurationList;
			buildConfigurations = (
				A0E38B332954F087003268FD /* Debug */,
				A0E38B342954F087003268FD /* Release */,
			);
			defaultConfigurationIsVisible = 0;
			defaultConfigurationName = Release;
		};
		A0E38B352954F087003268FD /* Build configuration list for PBXNativeTarget "NetflixSwift" */ = {
			isa = XCConfigurationList;
			buildConfigurations = (
				A0E38B362954F087003268FD /* Debug */,
				A0E38B372954F087003268FD /* Release */,
			);
			defaultConfigurationIsVisible = 0;
			defaultConfigurationName = Release;
		};
/* End XCConfigurationList section */

/* Begin XCRemoteSwiftPackageReference section */
		A05EDB00295793B800F60F70 /* XCRemoteSwiftPackageReference "SDWebImage" */ = {
			isa = XCRemoteSwiftPackageReference;
			repositoryURL = "https://github.com/SDWebImage/SDWebImage";
			requirement = {
				kind = upToNextMajorVersion;
				minimumVersion = 5.0.0;
			};
		};
/* End XCRemoteSwiftPackageReference section */

/* Begin XCSwiftPackageProductDependency section */
		A05EDB01295793B800F60F70 /* SDWebImage */ = {
			isa = XCSwiftPackageProductDependency;
			package = A05EDB00295793B800F60F70 /* XCRemoteSwiftPackageReference "SDWebImage" */;
			productName = SDWebImage;
		};
		A05EDB03295793B800F60F70 /* SDWebImageMapKit */ = {
			isa = XCSwiftPackageProductDependency;
			package = A05EDB00295793B800F60F70 /* XCRemoteSwiftPackageReference "SDWebImage" */;
			productName = SDWebImageMapKit;
		};
/* End XCSwiftPackageProductDependency section */
	};
	rootObject = A0E38B192954F086003268FD /* Project object */;
}
